{
  "originHash" : "023cb5139d8e42e132310434ae8463c63d0dcf1cea3c70b0d0910c9cbc6aad35",
  "pins" : [
    {
      "identity" : "ios-ui-toolbox",
      "kind" : "remoteSourceControl",
      "location" : "https://github.com/yannian-liu/ios-ui-toolbox/",
      "state" : {
        "branch" : "main",
        "revision" : "b5e3f2ead51919ab233f45fc8d958c4a0c385e3d"
      }
    }
  ],
  "version" : 3
}
