{
  "originHash" : "eef0a929735cd6511f6de259d2e8858382cc57f644eb0d24c5ada522c10f4b3f",
  "pins" : [
    {
      "identity" : "ios-ui-toolbox",
      "kind" : "remoteSourceControl",
      "location" : "https://github.com/yannian-liu/ios-ui-toolbox/",
      "state" : {
        "branch" : "main",
        "revision" : "a987456d5778a28b911dc0be5c2c398daac24853"
      }
    },
    {
      "identity" : "mcemojipicker",
      "kind" : "remoteSourceControl",
      "location" : "https://github.com/izyumkin/MCEmojiPicker",
      "state" : {
        "revision" : "e0b4903b75ae1cc418d276d84d1cb946b8a1d73c",
        "version" : "1.2.3"
      }
    }
  ],
  "version" : 3
}
