{
  "originHash" : "023cb5139d8e42e132310434ae8463c63d0dcf1cea3c70b0d0910c9cbc6aad35",
  "pins" : [
    {
      "identity" : "ios-ui-toolbox",
      "kind" : "remoteSourceControl",
      "location" : "https://github.com/yannian-liu/ios-ui-toolbox/",
      "state" : {
        "branch" : "main",
        "revision" : "cb4a2d5156387ba0f4b17a376c1a13cfb207c0cf"
      }
    }
  ],
  "version" : 3
}
